# This file is autogenerated, do not edit; changes may be undone by the next 'dep ensure'.


[[projects]]
  name = "github.com/google/uuid"
  packages = ["."]
  revision = "064e2069ce9c359c118179501254f67d7d37ba24"
  version = "0.2"

[[projects]]
  name = "github.com/lithammer/shortuuid"
  packages = ["."]
  revision = "fe671286e16fc80cd90adbe35baee640f3f615a4"
  version = "v3.0.0"

[[projects]]
  name = "github.com/mattn/go-sqlite3"
  packages = ["."]
  revision = "25ecb14adfc7543176f7d85291ec7dba82c6f7e4"
  version = "v1.9.0"

[[projects]]
  branch = "master"
  name = "github.com/mitchellh/go-homedir"
  packages = ["."]
  revision = "58046073cbffe2f25d425fe1331102f55cf719de"

[[projects]]
  name = "github.com/zserge/webview"
  packages = ["."]
  revision = "016c6ffd99f3ba915aea2b026d17e0918322f99b"
  version = "0.1.0"

[solve-meta]
  analyzer-name = "dep"
  analyzer-version = 1
  inputs-digest = "fba7e7d8dfd3af82b82991cfc915d1cb0c59f0b9c36cc265170acf315348d7d4"
  solver-name = "gps-cdcl"
  solver-version = 1
